
Microsoft Visual Studio Solution File, Format Version 12.00
# Visual Studio Version 16
VisualStudioVersion = 16.0.810.5
MinimumVisualStudioVersion = 10.0.40219.1
Project("{FAE04EC0-301F-11D3-BF4B-00C04F79EFBC}") = "AzureBlob", "AzureBlob\AzureBlob.csproj", "{4061C2CA-8664-41E3-A52B-088ABF9C6DAF}"
EndProject
Global
	GlobalSection(SolutionConfigurationPlatforms) = preSolution
		Debug|Any CPU = Debug|Any CPU
		Release|Any CPU = Release|Any CPU
	EndGlobalSection
	GlobalSection(ProjectConfigurationPlatforms) = postSolution
		{4061C2CA-8664-41E3-A52B-088ABF9C6DAF}.Debug|Any CPU.ActiveCfg = Debug|Any CPU
		{4061C2CA-8664-41E3-A52B-088ABF9C6DAF}.Debug|Any CPU.Build.0 = Debug|Any CPU
		{4061C2CA-8664-41E3-A52B-088ABF9C6DAF}.Release|Any CPU.ActiveCfg = Release|Any CPU
		{4061C2CA-8664-41E3-A52B-088ABF9C6DAF}.Release|Any CPU.Build.0 = Release|Any CPU
	EndGlobalSection
	GlobalSection(SolutionProperties) = preSolution
		HideSolutionNode = FALSE
	EndGlobalSection
	GlobalSection(ExtensibilityGlobals) = postSolution
		SolutionGuid = {5C61A0A1-FDDB-41D3-898E-EE4F331BE7FE}
	EndGlobalSection
EndGlobal
